
Microsoft Visual Studio Solution File, Format Version 12.00
# Visual Studio Version 17
VisualStudioVersion = 17.6.33829.357
MinimumVisualStudioVersion = 10.0.40219.1
Project("{FAE04EC0-301F-11D3-BF4B-00C04F79EFBC}") = "MeuPrimeiroProjetoMVC", "MeuPrimeiroProjetoMVC\MeuPrimeiroProjetoMVC.csproj", "{17AEF580-6530-4CB4-8CDE-0494A8DC5A7D}"
EndProject
Global
	GlobalSection(SolutionConfigurationPlatforms) = preSolution
		Debug|Any CPU = Debug|Any CPU
		Release|Any CPU = Release|Any CPU
	EndGlobalSection
	GlobalSection(ProjectConfigurationPlatforms) = postSolution
		{17AEF580-6530-4CB4-8CDE-0494A8DC5A7D}.Debug|Any CPU.ActiveCfg = Debug|Any CPU
		{17AEF580-6530-4CB4-8CDE-0494A8DC5A7D}.Debug|Any CPU.Build.0 = Debug|Any CPU
		{17AEF580-6530-4CB4-8CDE-0494A8DC5A7D}.Release|Any CPU.ActiveCfg = Release|Any CPU
		{17AEF580-6530-4CB4-8CDE-0494A8DC5A7D}.Release|Any CPU.Build.0 = Release|Any CPU
	EndGlobalSection
	GlobalSection(SolutionProperties) = preSolution
		HideSolutionNode = FALSE
	EndGlobalSection
	GlobalSection(ExtensibilityGlobals) = postSolution
		SolutionGuid = {4853D51A-9346-4BA2-B761-ECFB7543A7CC}
	EndGlobalSection
EndGlobal
